
Microsoft Visual Studio Solution File, Format Version 12.00
# Visual Studio Version 16
VisualStudioVersion = 16.0.31515.178
MinimumVisualStudioVersion = 10.0.40219.1
Project("{FAE04EC0-301F-11D3-BF4B-00C04F79EFBC}") = "for", "for\for.csproj", "{E131E629-92CA-41E3-AD57-111776C1EEAE}"
EndProject
Global
	GlobalSection(SolutionConfigurationPlatforms) = preSolution
		Debug|Any CPU = Debug|Any CPU
		Release|Any CPU = Release|Any CPU
	EndGlobalSection
	GlobalSection(ProjectConfigurationPlatforms) = postSolution
		{E131E629-92CA-41E3-AD57-111776C1EEAE}.Debug|Any CPU.ActiveCfg = Debug|Any CPU
		{E131E629-92CA-41E3-AD57-111776C1EEAE}.Debug|Any CPU.Build.0 = Debug|Any CPU
		{E131E629-92CA-41E3-AD57-111776C1EEAE}.Release|Any CPU.ActiveCfg = Release|Any CPU
		{E131E629-92CA-41E3-AD57-111776C1EEAE}.Release|Any CPU.Build.0 = Release|Any CPU
	EndGlobalSection
	GlobalSection(SolutionProperties) = preSolution
		HideSolutionNode = FALSE
	EndGlobalSection
	GlobalSection(ExtensibilityGlobals) = postSolution
		SolutionGuid = {1D5F7680-6A74-44CB-94A4-3208042877F5}
	EndGlobalSection
EndGlobal
