
Microsoft Visual Studio Solution File, Format Version 12.00
# Visual Studio Version 16
VisualStudioVersion = 16.0.31515.178
MinimumVisualStudioVersion = 10.0.40219.1
Project("{FAE04EC0-301F-11D3-BF4B-00C04F79EFBC}") = "StaticStatement", "StaticStatement\StaticStatement.csproj", "{C1FBF79A-222C-4BCF-B32B-29543B63CFF2}"
EndProject
Global
	GlobalSection(SolutionConfigurationPlatforms) = preSolution
		Debug|Any CPU = Debug|Any CPU
		Release|Any CPU = Release|Any CPU
	EndGlobalSection
	GlobalSection(ProjectConfigurationPlatforms) = postSolution
		{C1FBF79A-222C-4BCF-B32B-29543B63CFF2}.Debug|Any CPU.ActiveCfg = Debug|Any CPU
		{C1FBF79A-222C-4BCF-B32B-29543B63CFF2}.Debug|Any CPU.Build.0 = Debug|Any CPU
		{C1FBF79A-222C-4BCF-B32B-29543B63CFF2}.Release|Any CPU.ActiveCfg = Release|Any CPU
		{C1FBF79A-222C-4BCF-B32B-29543B63CFF2}.Release|Any CPU.Build.0 = Release|Any CPU
	EndGlobalSection
	GlobalSection(SolutionProperties) = preSolution
		HideSolutionNode = FALSE
	EndGlobalSection
	GlobalSection(ExtensibilityGlobals) = postSolution
		SolutionGuid = {E8B6BFD4-8FFD-4918-832E-8055D8A89660}
	EndGlobalSection
EndGlobal
