
Microsoft Visual Studio Solution File, Format Version 12.00
# Visual Studio Version 16
VisualStudioVersion = 16.0.31515.178
MinimumVisualStudioVersion = 10.0.40219.1
Project("{FAE04EC0-301F-11D3-BF4B-00C04F79EFBC}") = "encapsulation", "encapsulation\encapsulation.csproj", "{40F2A00F-339E-4AB2-AA12-8282533E26E7}"
EndProject
Global
	GlobalSection(SolutionConfigurationPlatforms) = preSolution
		Debug|Any CPU = Debug|Any CPU
		Release|Any CPU = Release|Any CPU
	EndGlobalSection
	GlobalSection(ProjectConfigurationPlatforms) = postSolution
		{40F2A00F-339E-4AB2-AA12-8282533E26E7}.Debug|Any CPU.ActiveCfg = Debug|Any CPU
		{40F2A00F-339E-4AB2-AA12-8282533E26E7}.Debug|Any CPU.Build.0 = Debug|Any CPU
		{40F2A00F-339E-4AB2-AA12-8282533E26E7}.Release|Any CPU.ActiveCfg = Release|Any CPU
		{40F2A00F-339E-4AB2-AA12-8282533E26E7}.Release|Any CPU.Build.0 = Release|Any CPU
	EndGlobalSection
	GlobalSection(SolutionProperties) = preSolution
		HideSolutionNode = FALSE
	EndGlobalSection
	GlobalSection(ExtensibilityGlobals) = postSolution
		SolutionGuid = {B5AB6E71-7159-47E6-AEC3-E7BCDA0ACA3A}
	EndGlobalSection
EndGlobal
