
Microsoft Visual Studio Solution File, Format Version 12.00
# Visual Studio Version 16
VisualStudioVersion = 16.0.31515.178
MinimumVisualStudioVersion = 10.0.40219.1
Project("{FAE04EC0-301F-11D3-BF4B-00C04F79EFBC}") = "sınıf", "sınıf\sınıf.csproj", "{6B90729A-1008-4908-8C80-9D27E4443BA9}"
EndProject
Global
	GlobalSection(SolutionConfigurationPlatforms) = preSolution
		Debug|Any CPU = Debug|Any CPU
		Release|Any CPU = Release|Any CPU
	EndGlobalSection
	GlobalSection(ProjectConfigurationPlatforms) = postSolution
		{6B90729A-1008-4908-8C80-9D27E4443BA9}.Debug|Any CPU.ActiveCfg = Debug|Any CPU
		{6B90729A-1008-4908-8C80-9D27E4443BA9}.Debug|Any CPU.Build.0 = Debug|Any CPU
		{6B90729A-1008-4908-8C80-9D27E4443BA9}.Release|Any CPU.ActiveCfg = Release|Any CPU
		{6B90729A-1008-4908-8C80-9D27E4443BA9}.Release|Any CPU.Build.0 = Release|Any CPU
	EndGlobalSection
	GlobalSection(SolutionProperties) = preSolution
		HideSolutionNode = FALSE
	EndGlobalSection
	GlobalSection(ExtensibilityGlobals) = postSolution
		SolutionGuid = {BC4B9B8B-24BE-49A4-B8B6-A6A15F7F695A}
	EndGlobalSection
EndGlobal
