
Microsoft Visual Studio Solution File, Format Version 12.00
# Visual Studio Version 16
VisualStudioVersion = 16.0.31515.178
MinimumVisualStudioVersion = 10.0.40219.1
Project("{FAE04EC0-301F-11D3-BF4B-00C04F79EFBC}") = "inheritance", "inheritance\inheritance.csproj", "{213DB79A-41FC-4950-9640-8338012B3D71}"
EndProject
Global
	GlobalSection(SolutionConfigurationPlatforms) = preSolution
		Debug|Any CPU = Debug|Any CPU
		Release|Any CPU = Release|Any CPU
	EndGlobalSection
	GlobalSection(ProjectConfigurationPlatforms) = postSolution
		{213DB79A-41FC-4950-9640-8338012B3D71}.Debug|Any CPU.ActiveCfg = Debug|Any CPU
		{213DB79A-41FC-4950-9640-8338012B3D71}.Debug|Any CPU.Build.0 = Debug|Any CPU
		{213DB79A-41FC-4950-9640-8338012B3D71}.Release|Any CPU.ActiveCfg = Release|Any CPU
		{213DB79A-41FC-4950-9640-8338012B3D71}.Release|Any CPU.Build.0 = Release|Any CPU
	EndGlobalSection
	GlobalSection(SolutionProperties) = preSolution
		HideSolutionNode = FALSE
	EndGlobalSection
	GlobalSection(ExtensibilityGlobals) = postSolution
		SolutionGuid = {FAD28F01-A1DC-483B-B76B-CF5A85B52A6E}
	EndGlobalSection
EndGlobal
