
Microsoft Visual Studio Solution File, Format Version 12.00
# Visual Studio Version 16
VisualStudioVersion = 16.0.31515.178
MinimumVisualStudioVersion = 10.0.40219.1
Project("{FAE04EC0-301F-11D3-BF4B-00C04F79EFBC}") = "mathClass", "mathClass\mathClass.csproj", "{DEFDD0F1-9351-4C7D-BD14-AC8672CA0AB7}"
EndProject
Global
	GlobalSection(SolutionConfigurationPlatforms) = preSolution
		Debug|Any CPU = Debug|Any CPU
		Release|Any CPU = Release|Any CPU
	EndGlobalSection
	GlobalSection(ProjectConfigurationPlatforms) = postSolution
		{DEFDD0F1-9351-4C7D-BD14-AC8672CA0AB7}.Debug|Any CPU.ActiveCfg = Debug|Any CPU
		{DEFDD0F1-9351-4C7D-BD14-AC8672CA0AB7}.Debug|Any CPU.Build.0 = Debug|Any CPU
		{DEFDD0F1-9351-4C7D-BD14-AC8672CA0AB7}.Release|Any CPU.ActiveCfg = Release|Any CPU
		{DEFDD0F1-9351-4C7D-BD14-AC8672CA0AB7}.Release|Any CPU.Build.0 = Release|Any CPU
	EndGlobalSection
	GlobalSection(SolutionProperties) = preSolution
		HideSolutionNode = FALSE
	EndGlobalSection
	GlobalSection(ExtensibilityGlobals) = postSolution
		SolutionGuid = {2A5595A2-440B-41F0-84D1-023AB7D49212}
	EndGlobalSection
EndGlobal
