
Microsoft Visual Studio Solution File, Format Version 12.00
# Visual Studio Version 16
VisualStudioVersion = 16.0.31515.178
MinimumVisualStudioVersion = 10.0.40219.1
Project("{FAE04EC0-301F-11D3-BF4B-00C04F79EFBC}") = "dataTransfer", "dataTransfer\dataTransfer.csproj", "{2637F64B-3125-4EDF-BFF2-BC7276C78939}"
EndProject
Global
	GlobalSection(SolutionConfigurationPlatforms) = preSolution
		Debug|Any CPU = Debug|Any CPU
		Release|Any CPU = Release|Any CPU
	EndGlobalSection
	GlobalSection(ProjectConfigurationPlatforms) = postSolution
		{2637F64B-3125-4EDF-BFF2-BC7276C78939}.Debug|Any CPU.ActiveCfg = Debug|Any CPU
		{2637F64B-3125-4EDF-BFF2-BC7276C78939}.Debug|Any CPU.Build.0 = Debug|Any CPU
		{2637F64B-3125-4EDF-BFF2-BC7276C78939}.Release|Any CPU.ActiveCfg = Release|Any CPU
		{2637F64B-3125-4EDF-BFF2-BC7276C78939}.Release|Any CPU.Build.0 = Release|Any CPU
	EndGlobalSection
	GlobalSection(SolutionProperties) = preSolution
		HideSolutionNode = FALSE
	EndGlobalSection
	GlobalSection(ExtensibilityGlobals) = postSolution
		SolutionGuid = {3D174B60-2212-4020-ADA5-5BAB0957087F}
	EndGlobalSection
EndGlobal
