
Microsoft Visual Studio Solution File, Format Version 12.00
# Visual Studio Version 16
VisualStudioVersion = 16.0.31515.178
MinimumVisualStudioVersion = 10.0.40219.1
Project("{FAE04EC0-301F-11D3-BF4B-00C04F79EFBC}") = "if_else", "if_else\if_else.csproj", "{7100A56B-94E2-4678-B36C-2FFC4D996218}"
EndProject
Global
	GlobalSection(SolutionConfigurationPlatforms) = preSolution
		Debug|Any CPU = Debug|Any CPU
		Release|Any CPU = Release|Any CPU
	EndGlobalSection
	GlobalSection(ProjectConfigurationPlatforms) = postSolution
		{7100A56B-94E2-4678-B36C-2FFC4D996218}.Debug|Any CPU.ActiveCfg = Debug|Any CPU
		{7100A56B-94E2-4678-B36C-2FFC4D996218}.Debug|Any CPU.Build.0 = Debug|Any CPU
		{7100A56B-94E2-4678-B36C-2FFC4D996218}.Release|Any CPU.ActiveCfg = Release|Any CPU
		{7100A56B-94E2-4678-B36C-2FFC4D996218}.Release|Any CPU.Build.0 = Release|Any CPU
	EndGlobalSection
	GlobalSection(SolutionProperties) = preSolution
		HideSolutionNode = FALSE
	EndGlobalSection
	GlobalSection(ExtensibilityGlobals) = postSolution
		SolutionGuid = {89F6EC7A-7902-4760-BE01-99F3CFB5A54E}
	EndGlobalSection
EndGlobal
