
Microsoft Visual Studio Solution File, Format Version 12.00
# Visual Studio Version 16
VisualStudioVersion = 16.0.31515.178
MinimumVisualStudioVersion = 10.0.40219.1
Project("{FAE04EC0-301F-11D3-BF4B-00C04F79EFBC}") = "Random Class", "Random Class\Random Class.csproj", "{E3643526-F3FE-418F-ADAE-C663B95056C1}"
EndProject
Global
	GlobalSection(SolutionConfigurationPlatforms) = preSolution
		Debug|Any CPU = Debug|Any CPU
		Release|Any CPU = Release|Any CPU
	EndGlobalSection
	GlobalSection(ProjectConfigurationPlatforms) = postSolution
		{E3643526-F3FE-418F-ADAE-C663B95056C1}.Debug|Any CPU.ActiveCfg = Debug|Any CPU
		{E3643526-F3FE-418F-ADAE-C663B95056C1}.Debug|Any CPU.Build.0 = Debug|Any CPU
		{E3643526-F3FE-418F-ADAE-C663B95056C1}.Release|Any CPU.ActiveCfg = Release|Any CPU
		{E3643526-F3FE-418F-ADAE-C663B95056C1}.Release|Any CPU.Build.0 = Release|Any CPU
	EndGlobalSection
	GlobalSection(SolutionProperties) = preSolution
		HideSolutionNode = FALSE
	EndGlobalSection
	GlobalSection(ExtensibilityGlobals) = postSolution
		SolutionGuid = {1CE5FE41-8C87-4D61-B45E-3787473798E0}
	EndGlobalSection
EndGlobal
